
Microsoft Visual Studio Solution File, Format Version 11.00
# Visual Studio 2010
Project("{FAE04EC0-301F-11D3-BF4B-00C04F79EFBC}") = "Areas.Lib", "..\Areas.Lib\Areas.Lib.csproj", "{741D32FF-7F8E-4DB5-9415-5F4ACFA55C41}"
EndProject
Project("{FAE04EC0-301F-11D3-BF4B-00C04F79EFBC}") = "Areas.Lib.Tests", "..\Areas.Lib.Tests\Areas.Lib.Tests.csproj", "{E30D97B0-BB1A-4E3B-B420-DFE27A6ABD17}"
EndProject
Project("{FAE04EC0-301F-11D3-BF4B-00C04F79EFBC}") = "Areas.DotNetExtensions.Tests", "..\Areas.DotNetExtensions.Tests\Areas.DotNetExtensions.Tests.csproj", "{0730CB0D-AD78-4142-A871-DAF5EEF0684C}"
EndProject
Project("{FAE04EC0-301F-11D3-BF4B-00C04F79EFBC}") = "Area.CommonMvc", "..\Area.CommonMvc\Area.CommonMvc.csproj", "{57BAB089-8E21-4C31-A044-EA7805E06661}"
EndProject
Project("{FAE04EC0-301F-11D3-BF4B-00C04F79EFBC}") = "Area.CommonMvc.Tests", "..\Area.CommonMvc.Tests\Area.CommonMvc.Tests.csproj", "{8EE60942-E574-4ECA-BDA3-E8122BE74ADA}"
EndProject
Project("{2150E333-8FDC-42A3-9474-1A3956D46DE8}") = "Solution Items", "Solution Items", "{478C4479-681F-45DD-818F-AE4004C3CEF9}"
	ProjectSection(SolutionItems) = preProject
		..\README.md = ..\README.md
	EndProjectSection
EndProject
Project("{FAE04EC0-301F-11D3-BF4B-00C04F79EFBC}") = "Areas.DotNetExtensions", "..\Areas.DotNetExtensions\Areas.DotNetExtensions.csproj", "{891BC139-7F80-41BE-8AF8-F0D400A6068B}"
EndProject
Project("{FAE04EC0-301F-11D3-BF4B-00C04F79EFBC}") = "Areas.CommonMvc.TestWebUI", "..\Areas.CommonMvc.TestWebUI\Areas.CommonMvc.TestWebUI.csproj", "{672DAA53-B440-4C42-9409-EC6E1351F762}"
EndProject
Project("{CC5FD16D-436D-48AD-A40C-5A424C6E3E79}") = "Areas.CommonMvc.TestWebUI.Azure", "Areas.CommonMvc.TestWebUI.Azure\Areas.CommonMvc.TestWebUI.Azure.ccproj", "{D9F00F22-F611-43A6-9379-276C7419AB6C}"
EndProject
Project("{FAE04EC0-301F-11D3-BF4B-00C04F79EFBC}") = "Areas.ConsoleApp", "..\Areas.ConsoleApp\Areas.ConsoleApp.csproj", "{A927FF45-28F0-4F62-B642-A7AEAE5C3508}"
EndProject
Global
	GlobalSection(SolutionConfigurationPlatforms) = preSolution
		Debug|Any CPU = Debug|Any CPU
		Debug|Mixed Platforms = Debug|Mixed Platforms
		Debug|x86 = Debug|x86
		Release|Any CPU = Release|Any CPU
		Release|Mixed Platforms = Release|Mixed Platforms
		Release|x86 = Release|x86
	EndGlobalSection
	GlobalSection(ProjectConfigurationPlatforms) = postSolution
		{741D32FF-7F8E-4DB5-9415-5F4ACFA55C41}.Debug|Any CPU.ActiveCfg = Debug|Any CPU
		{741D32FF-7F8E-4DB5-9415-5F4ACFA55C41}.Debug|Any CPU.Build.0 = Debug|Any CPU
		{741D32FF-7F8E-4DB5-9415-5F4ACFA55C41}.Debug|Mixed Platforms.ActiveCfg = Debug|Any CPU
		{741D32FF-7F8E-4DB5-9415-5F4ACFA55C41}.Debug|Mixed Platforms.Build.0 = Debug|Any CPU
		{741D32FF-7F8E-4DB5-9415-5F4ACFA55C41}.Debug|x86.ActiveCfg = Debug|Any CPU
		{741D32FF-7F8E-4DB5-9415-5F4ACFA55C41}.Release|Any CPU.ActiveCfg = Release|Any CPU
		{741D32FF-7F8E-4DB5-9415-5F4ACFA55C41}.Release|Any CPU.Build.0 = Release|Any CPU
		{741D32FF-7F8E-4DB5-9415-5F4ACFA55C41}.Release|Mixed Platforms.ActiveCfg = Release|Any CPU
		{741D32FF-7F8E-4DB5-9415-5F4ACFA55C41}.Release|Mixed Platforms.Build.0 = Release|Any CPU
		{741D32FF-7F8E-4DB5-9415-5F4ACFA55C41}.Release|x86.ActiveCfg = Release|Any CPU
		{E30D97B0-BB1A-4E3B-B420-DFE27A6ABD17}.Debug|Any CPU.ActiveCfg = Debug|Any CPU
		{E30D97B0-BB1A-4E3B-B420-DFE27A6ABD17}.Debug|Any CPU.Build.0 = Debug|Any CPU
		{E30D97B0-BB1A-4E3B-B420-DFE27A6ABD17}.Debug|Mixed Platforms.ActiveCfg = Debug|Any CPU
		{E30D97B0-BB1A-4E3B-B420-DFE27A6ABD17}.Debug|Mixed Platforms.Build.0 = Debug|Any CPU
		{E30D97B0-BB1A-4E3B-B420-DFE27A6ABD17}.Debug|x86.ActiveCfg = Debug|Any CPU
		{E30D97B0-BB1A-4E3B-B420-DFE27A6ABD17}.Release|Any CPU.ActiveCfg = Release|Any CPU
		{E30D97B0-BB1A-4E3B-B420-DFE27A6ABD17}.Release|Any CPU.Build.0 = Release|Any CPU
		{E30D97B0-BB1A-4E3B-B420-DFE27A6ABD17}.Release|Mixed Platforms.ActiveCfg = Release|Any CPU
		{E30D97B0-BB1A-4E3B-B420-DFE27A6ABD17}.Release|Mixed Platforms.Build.0 = Release|Any CPU
		{E30D97B0-BB1A-4E3B-B420-DFE27A6ABD17}.Release|x86.ActiveCfg = Release|Any CPU
		{0730CB0D-AD78-4142-A871-DAF5EEF0684C}.Debug|Any CPU.ActiveCfg = Debug|Any CPU
		{0730CB0D-AD78-4142-A871-DAF5EEF0684C}.Debug|Any CPU.Build.0 = Debug|Any CPU
		{0730CB0D-AD78-4142-A871-DAF5EEF0684C}.Debug|Mixed Platforms.ActiveCfg = Debug|Any CPU
		{0730CB0D-AD78-4142-A871-DAF5EEF0684C}.Debug|Mixed Platforms.Build.0 = Debug|Any CPU
		{0730CB0D-AD78-4142-A871-DAF5EEF0684C}.Debug|x86.ActiveCfg = Debug|Any CPU
		{0730CB0D-AD78-4142-A871-DAF5EEF0684C}.Release|Any CPU.ActiveCfg = Release|Any CPU
		{0730CB0D-AD78-4142-A871-DAF5EEF0684C}.Release|Any CPU.Build.0 = Release|Any CPU
		{0730CB0D-AD78-4142-A871-DAF5EEF0684C}.Release|Mixed Platforms.ActiveCfg = Release|Any CPU
		{0730CB0D-AD78-4142-A871-DAF5EEF0684C}.Release|Mixed Platforms.Build.0 = Release|Any CPU
		{0730CB0D-AD78-4142-A871-DAF5EEF0684C}.Release|x86.ActiveCfg = Release|Any CPU
		{57BAB089-8E21-4C31-A044-EA7805E06661}.Debug|Any CPU.ActiveCfg = Debug|Any CPU
		{57BAB089-8E21-4C31-A044-EA7805E06661}.Debug|Any CPU.Build.0 = Debug|Any CPU
		{57BAB089-8E21-4C31-A044-EA7805E06661}.Debug|Mixed Platforms.ActiveCfg = Debug|Any CPU
		{57BAB089-8E21-4C31-A044-EA7805E06661}.Debug|Mixed Platforms.Build.0 = Debug|Any CPU
		{57BAB089-8E21-4C31-A044-EA7805E06661}.Debug|x86.ActiveCfg = Debug|Any CPU
		{57BAB089-8E21-4C31-A044-EA7805E06661}.Release|Any CPU.ActiveCfg = Release|Any CPU
		{57BAB089-8E21-4C31-A044-EA7805E06661}.Release|Any CPU.Build.0 = Release|Any CPU
		{57BAB089-8E21-4C31-A044-EA7805E06661}.Release|Mixed Platforms.ActiveCfg = Release|Any CPU
		{57BAB089-8E21-4C31-A044-EA7805E06661}.Release|Mixed Platforms.Build.0 = Release|Any CPU
		{57BAB089-8E21-4C31-A044-EA7805E06661}.Release|x86.ActiveCfg = Release|Any CPU
		{8EE60942-E574-4ECA-BDA3-E8122BE74ADA}.Debug|Any CPU.ActiveCfg = Debug|Any CPU
		{8EE60942-E574-4ECA-BDA3-E8122BE74ADA}.Debug|Any CPU.Build.0 = Debug|Any CPU
		{8EE60942-E574-4ECA-BDA3-E8122BE74ADA}.Debug|Mixed Platforms.ActiveCfg = Debug|Any CPU
		{8EE60942-E574-4ECA-BDA3-E8122BE74ADA}.Debug|Mixed Platforms.Build.0 = Debug|Any CPU
		{8EE60942-E574-4ECA-BDA3-E8122BE74ADA}.Debug|x86.ActiveCfg = Debug|Any CPU
		{8EE60942-E574-4ECA-BDA3-E8122BE74ADA}.Release|Any CPU.ActiveCfg = Release|Any CPU
		{8EE60942-E574-4ECA-BDA3-E8122BE74ADA}.Release|Any CPU.Build.0 = Release|Any CPU
		{8EE60942-E574-4ECA-BDA3-E8122BE74ADA}.Release|Mixed Platforms.ActiveCfg = Release|Any CPU
		{8EE60942-E574-4ECA-BDA3-E8122BE74ADA}.Release|Mixed Platforms.Build.0 = Release|Any CPU
		{8EE60942-E574-4ECA-BDA3-E8122BE74ADA}.Release|x86.ActiveCfg = Release|Any CPU
		{891BC139-7F80-41BE-8AF8-F0D400A6068B}.Debug|Any CPU.ActiveCfg = Debug|Any CPU
		{891BC139-7F80-41BE-8AF8-F0D400A6068B}.Debug|Any CPU.Build.0 = Debug|Any CPU
		{891BC139-7F80-41BE-8AF8-F0D400A6068B}.Debug|Mixed Platforms.ActiveCfg = Debug|Any CPU
		{891BC139-7F80-41BE-8AF8-F0D400A6068B}.Debug|Mixed Platforms.Build.0 = Debug|Any CPU
		{891BC139-7F80-41BE-8AF8-F0D400A6068B}.Debug|x86.ActiveCfg = Debug|Any CPU
		{891BC139-7F80-41BE-8AF8-F0D400A6068B}.Release|Any CPU.ActiveCfg = Release|Any CPU
		{891BC139-7F80-41BE-8AF8-F0D400A6068B}.Release|Any CPU.Build.0 = Release|Any CPU
		{891BC139-7F80-41BE-8AF8-F0D400A6068B}.Release|Mixed Platforms.ActiveCfg = Release|Any CPU
		{891BC139-7F80-41BE-8AF8-F0D400A6068B}.Release|Mixed Platforms.Build.0 = Release|Any CPU
		{891BC139-7F80-41BE-8AF8-F0D400A6068B}.Release|x86.ActiveCfg = Release|Any CPU
		{672DAA53-B440-4C42-9409-EC6E1351F762}.Debug|Any CPU.ActiveCfg = Debug|Any CPU
		{672DAA53-B440-4C42-9409-EC6E1351F762}.Debug|Any CPU.Build.0 = Debug|Any CPU
		{672DAA53-B440-4C42-9409-EC6E1351F762}.Debug|Mixed Platforms.ActiveCfg = Debug|Any CPU
		{672DAA53-B440-4C42-9409-EC6E1351F762}.Debug|Mixed Platforms.Build.0 = Debug|Any CPU
		{672DAA53-B440-4C42-9409-EC6E1351F762}.Debug|x86.ActiveCfg = Debug|Any CPU
		{672DAA53-B440-4C42-9409-EC6E1351F762}.Release|Any CPU.ActiveCfg = Release|Any CPU
		{672DAA53-B440-4C42-9409-EC6E1351F762}.Release|Any CPU.Build.0 = Release|Any CPU
		{672DAA53-B440-4C42-9409-EC6E1351F762}.Release|Mixed Platforms.ActiveCfg = Release|Any CPU
		{672DAA53-B440-4C42-9409-EC6E1351F762}.Release|Mixed Platforms.Build.0 = Release|Any CPU
		{672DAA53-B440-4C42-9409-EC6E1351F762}.Release|x86.ActiveCfg = Release|Any CPU
		{D9F00F22-F611-43A6-9379-276C7419AB6C}.Debug|Any CPU.ActiveCfg = Debug|Any CPU
		{D9F00F22-F611-43A6-9379-276C7419AB6C}.Debug|Any CPU.Build.0 = Debug|Any CPU
		{D9F00F22-F611-43A6-9379-276C7419AB6C}.Debug|Mixed Platforms.ActiveCfg = Debug|Any CPU
		{D9F00F22-F611-43A6-9379-276C7419AB6C}.Debug|Mixed Platforms.Build.0 = Debug|Any CPU
		{D9F00F22-F611-43A6-9379-276C7419AB6C}.Debug|x86.ActiveCfg = Debug|Any CPU
		{D9F00F22-F611-43A6-9379-276C7419AB6C}.Release|Any CPU.ActiveCfg = Release|Any CPU
		{D9F00F22-F611-43A6-9379-276C7419AB6C}.Release|Any CPU.Build.0 = Release|Any CPU
		{D9F00F22-F611-43A6-9379-276C7419AB6C}.Release|Mixed Platforms.ActiveCfg = Release|Any CPU
		{D9F00F22-F611-43A6-9379-276C7419AB6C}.Release|Mixed Platforms.Build.0 = Release|Any CPU
		{D9F00F22-F611-43A6-9379-276C7419AB6C}.Release|x86.ActiveCfg = Release|Any CPU
		{A927FF45-28F0-4F62-B642-A7AEAE5C3508}.Debug|Any CPU.ActiveCfg = Debug|x86
		{A927FF45-28F0-4F62-B642-A7AEAE5C3508}.Debug|Mixed Platforms.ActiveCfg = Debug|x86
		{A927FF45-28F0-4F62-B642-A7AEAE5C3508}.Debug|Mixed Platforms.Build.0 = Debug|x86
		{A927FF45-28F0-4F62-B642-A7AEAE5C3508}.Debug|x86.ActiveCfg = Debug|x86
		{A927FF45-28F0-4F62-B642-A7AEAE5C3508}.Debug|x86.Build.0 = Debug|x86
		{A927FF45-28F0-4F62-B642-A7AEAE5C3508}.Release|Any CPU.ActiveCfg = Release|x86
		{A927FF45-28F0-4F62-B642-A7AEAE5C3508}.Release|Mixed Platforms.ActiveCfg = Release|x86
		{A927FF45-28F0-4F62-B642-A7AEAE5C3508}.Release|Mixed Platforms.Build.0 = Release|x86
		{A927FF45-28F0-4F62-B642-A7AEAE5C3508}.Release|x86.ActiveCfg = Release|x86
		{A927FF45-28F0-4F62-B642-A7AEAE5C3508}.Release|x86.Build.0 = Release|x86
	EndGlobalSection
	GlobalSection(SolutionProperties) = preSolution
		HideSolutionNode = FALSE
	EndGlobalSection
EndGlobal
